# This file is automatically @generated by Cargo.
# It is not intended for manual editing.
version = 3

[[package]]
name = "aho-corasick"
version = "0.5.1"
source = "registry+https://github.com/rust-lang/crates.io-index"
checksum = "67077478f0a03952bed2e6786338d400d40c25e9836e08ad50af96607317fd03"
dependencies = [
 "memchr",
]

[[package]]
name = "api"
version = "0.1.0"
dependencies = [
 "diesel 1.4.6",
 "diesel_codegen",
 "dotenv",
 "dotenv_macros",
 "nickel",
 "rustc-serialize",
 "time",
]

[[package]]
name = "byteorder"
version = "0.3.13"
source = "registry+https://github.com/rust-lang/crates.io-index"
checksum = "29b2aa490a8f546381308d68fc79e6bd753cd3ad839f7a7172897f1feedfa175"

[[package]]
name = "byteorder"
version = "1.4.3"
source = "registry+https://github.com/rust-lang/crates.io-index"
checksum = "14c189c53d098945499cdfa7ecc63567cf3886b3332b312a5b4585d8d3a6a610"

[[package]]
name = "cookie"
version = "0.1.21"
source = "registry+https://github.com/rust-lang/crates.io-index"
checksum = "02443c47d5c80f9b4be9b8f51c0bf307d663fe28b18ccabef44d8b0a4b2a967b"
dependencies = [
 "time",
 "url",
]

[[package]]
name = "diesel"
version = "0.5.3"
source = "registry+https://github.com/rust-lang/crates.io-index"
checksum = "e69fdf09bf0f3f73d8bd2ff5ee63c9602dd5a73aded1eabe93f595629eaeda97"
dependencies = [
 "byteorder 0.3.13",
 "libc",
 "pq-sys",
]

[[package]]
name = "diesel"
version = "1.4.6"
source = "registry+https://github.com/rust-lang/crates.io-index"
checksum = "047bfc4d5c3bd2ef6ca6f981941046113524b9a9f9a7cbdfdd7ff40f58e6f542"
dependencies = [
 "byteorder 1.4.3",
 "diesel_derives",
]

[[package]]
name = "diesel_codegen"
version = "0.5.4"
source = "registry+https://github.com/rust-lang/crates.io-index"
checksum = "82f15b0cff4d17b4f3839319ea9d73be2138c9fc108d9c5ce526589c8ead72c8"
dependencies = [
 "diesel 0.5.3",
]

[[package]]
name = "diesel_derives"
version = "1.4.1"
source = "registry+https://github.com/rust-lang/crates.io-index"
checksum = "45f5098f628d02a7a0f68ddba586fb61e80edec3bdc1be3b921f4ceec60858d3"
dependencies = [
 "proc-macro2",
 "quote",
 "syn",
]

[[package]]
name = "dotenv"
version = "0.8.0"
source = "registry+https://github.com/rust-lang/crates.io-index"
checksum = "eea1395d2df3b5344dc577809296d9578303296e8d105c408aa80ed67d598ef1"
dependencies = [
 "regex",
]

[[package]]
name = "dotenv_codegen"
version = "0.8.0"
source = "registry+https://github.com/rust-lang/crates.io-index"
checksum = "ded69f932da63dd72fbc7c0daf4eafd038c891700f68975305bb7d12c236362f"
dependencies = [
 "dotenv",
]

[[package]]
name = "dotenv_macros"
version = "0.8.0"
source = "registry+https://github.com/rust-lang/crates.io-index"
checksum = "68ba23ebf156dd9e052713955101ace05525ddeacf68f8d4ad8c008d4db9a4cb"
dependencies = [
 "dotenv_codegen",
]

[[package]]
name = "groupable"
version = "0.2.0"
source = "registry+https://github.com/rust-lang/crates.io-index"
checksum = "32619942b8be646939eaf3db0602b39f5229b74575b67efc897811ded1db4e57"

[[package]]
name = "hpack"
version = "0.2.0"
source = "registry+https://github.com/rust-lang/crates.io-index"
checksum = "3d2da7d3a34cf6406d9d700111b8eafafe9a251de41ae71d8052748259343b58"
dependencies = [
 "log",
]

[[package]]
name = "httparse"
version = "1.1.1"
source = "registry+https://github.com/rust-lang/crates.io-index"
checksum = "3ed8e190c5c20526ecc81c46ad598ea70d73d76ed7f818cbe11d4e9360ab1f29"

[[package]]
name = "hyper"
version = "0.6.16"
source = "registry+https://github.com/rust-lang/crates.io-index"
checksum = "99f86de19a680224688020785c0b62a2dccace29719847b16f1a9b22c312827f"
dependencies = [
 "cookie",
 "httparse",
 "language-tags",
 "log",
 "mime",
 "num_cpus",
 "rustc-serialize",
 "solicit",
 "time",
 "traitobject 0.0.1",
 "typeable",
 "unicase",
 "url",
]

[[package]]
name = "kernel32-sys"
version = "0.2.1"
source = "registry+https://github.com/rust-lang/crates.io-index"
checksum = "b5b5e7edf375e6d26243bde172f1d5ed1446f4a766fc9b7006e1fd27258243f1"
dependencies = [
 "winapi",
 "winapi-build",
]

[[package]]
name = "language-tags"
version = "0.0.7"
source = "registry+https://github.com/rust-lang/crates.io-index"
checksum = "41633f9c0d99840437d1f2073c0a6dadcf1dbd28b87dda956e3d91b65f6e57a7"

[[package]]
name = "lazy_static"
version = "0.1.15"
source = "registry+https://github.com/rust-lang/crates.io-index"
checksum = "547fd11b0400fbab39f7a6df53c648cfb01b977233015d9e0784d595a5a6c449"

[[package]]
name = "libc"
version = "0.2.8"
source = "registry+https://github.com/rust-lang/crates.io-index"
checksum = "52f45f4d4d75de96cf7f8b0e37b6a8e2f96619749b80bd79aa9f5a3100d63208"

[[package]]
name = "log"
version = "0.3.5"
source = "registry+https://github.com/rust-lang/crates.io-index"
checksum = "038b5d13189a14e5b6ac384fdb7c691a45ef0885f6d2dddbf422e6c3506b8234"
dependencies = [
 "libc",
]

[[package]]
name = "matches"
version = "0.1.2"
source = "registry+https://github.com/rust-lang/crates.io-index"
checksum = "15305656809ce5a4805b1ff2946892810992197ce1270ff79baded852187942e"

[[package]]
name = "memchr"
version = "0.1.10"
source = "registry+https://github.com/rust-lang/crates.io-index"
checksum = "c98adb597263e245c6ffe48dc50d338b51acb8cc53e8e7b3e9c21f53c0a411cb"
dependencies = [
 "libc",
]

[[package]]
name = "mime"
version = "0.1.3"
source = "registry+https://github.com/rust-lang/crates.io-index"
checksum = "ec0c2f4d901bf1d4a2192a40b4b570ae3b19c51243e549defc1de741940aa787"
dependencies = [
 "log",
 "serde",
]

[[package]]
name = "modifier"
version = "0.1.0"
source = "registry+https://github.com/rust-lang/crates.io-index"
checksum = "41f5c9112cb662acd3b204077e0de5bc66305fa8df65c8019d5adb10e9ab6e58"

[[package]]
name = "mustache"
version = "0.6.3"
source = "registry+https://github.com/rust-lang/crates.io-index"
checksum = "f2fac05c29a9b1fe86c828ec974d6f027679576711a246711c476e548bf7d741"
dependencies = [
 "log",
 "rustc-serialize",
]

[[package]]
name = "nickel"
version = "0.7.3"
source = "registry+https://github.com/rust-lang/crates.io-index"
checksum = "2fe056cc1a95ae8a030e94e2b8e796c67c83361b92ea502399fb90d23fb07abe"
dependencies = [
 "groupable",
 "hyper",
 "lazy_static",
 "log",
 "modifier",
 "mustache",
 "plugin",
 "regex",
 "rustc-serialize",
 "time",
 "typemap",
 "url",
]

[[package]]
name = "num"
version = "0.1.31"
source = "registry+https://github.com/rust-lang/crates.io-index"
checksum = "be45b3e341522564415a07118d7cf44896d0919e7a1bb21d59ad82af48256324"

[[package]]
name = "num_cpus"
version = "0.2.11"
source = "registry+https://github.com/rust-lang/crates.io-index"
checksum = "51fedae97a05f7353612fe017ab705a37e6db8f4d67c5c6fe739a9e70d6eed09"
dependencies = [
 "libc",
]

[[package]]
name = "plugin"
version = "0.2.6"
source = "registry+https://github.com/rust-lang/crates.io-index"
checksum = "1a6a0dc3910bc8db877ffed8e457763b317cf880df4ae19109b9f77d277cf6e0"
dependencies = [
 "typemap",
]

[[package]]
name = "pq-sys"
version = "0.2.1"
source = "registry+https://github.com/rust-lang/crates.io-index"
checksum = "ce19c351e7931e4265ed95c2e437a7f7acd72394c0e84d2b9c340f3a576d6831"
dependencies = [
 "libc",
]

[[package]]
name = "proc-macro2"
version = "1.0.39"
source = "registry+https://github.com/rust-lang/crates.io-index"
checksum = "c54b25569025b7fc9651de43004ae593a75ad88543b17178aa5e1b9c4f15f56f"
dependencies = [
 "unicode-ident",
]

[[package]]
name = "quote"
version = "1.0.18"
source = "registry+https://github.com/rust-lang/crates.io-index"
checksum = "a1feb54ed693b93a84e14094943b84b7c4eae204c512b7ccb95ab0c66d278ad1"
dependencies = [
 "proc-macro2",
]

[[package]]
name = "rand"
version = "0.3.14"
source = "registry+https://github.com/rust-lang/crates.io-index"
checksum = "2791d88c6defac799c3f20d74f094ca33b9332612d9aef9078519c82e4fe04a5"
dependencies = [
 "libc",
]

[[package]]
name = "regex"
version = "0.1.58"
source = "registry+https://github.com/rust-lang/crates.io-index"
checksum = "3dd7659f81431206880b8e6eafae79bf060e646de2737125cc08c30f6ad1aebe"
dependencies = [
 "aho-corasick",
 "memchr",
 "regex-syntax",
 "utf8-ranges",
]

[[package]]
name = "regex-syntax"
version = "0.3.0"
source = "registry+https://github.com/rust-lang/crates.io-index"
checksum = "91f025592c64aca084b1eb1f556fcac9c016da96a66dbebd5f9a7bda6f92b540"

[[package]]
name = "rustc-serialize"
version = "0.3.18"
source = "registry+https://github.com/rust-lang/crates.io-index"
checksum = "9cf81518cd579f8a9c58c0a71328bdb9be15c754181261da82583092dc8a7ff0"

[[package]]
name = "rustc_version"
version = "0.1.7"
source = "registry+https://github.com/rust-lang/crates.io-index"
checksum = "c5f5376ea5e30ce23c03eb77cbe4962b988deead10910c372b226388b594c084"
dependencies = [
 "semver",
]

[[package]]
name = "semver"
version = "0.1.20"
source = "registry+https://github.com/rust-lang/crates.io-index"
checksum = "d4f410fedcf71af0345d7607d246e7ad15faaadd49d240ee3b24e5dc21a820ac"

[[package]]
name = "serde"
version = "0.6.15"
source = "registry+https://github.com/rust-lang/crates.io-index"
checksum = "c97b18e9e53de541f11e497357d6c5eaeb39f0cb9c8734e274abe4935f6991fa"
dependencies = [
 "num",
]

[[package]]
name = "solicit"
version = "0.4.4"
source = "registry+https://github.com/rust-lang/crates.io-index"
checksum = "172382bac9424588d7840732b250faeeef88942e37b6e35317dce98cafdd75b2"
dependencies = [
 "hpack",
 "log",
]

[[package]]
name = "syn"
version = "1.0.96"
source = "registry+https://github.com/rust-lang/crates.io-index"
checksum = "0748dd251e24453cb8717f0354206b91557e4ec8703673a4b30208f2abaf1ebf"
dependencies = [
 "proc-macro2",
 "quote",
 "unicode-ident",
]

[[package]]
name = "time"
version = "0.1.34"
source = "registry+https://github.com/rust-lang/crates.io-index"
checksum = "8c4aeaa1c95974f5763c3a5ac0db95a19793589bcea5d22e161b5587e3aad029"
dependencies = [
 "kernel32-sys",
 "libc",
 "winapi",
]

[[package]]
name = "traitobject"
version = "0.0.1"
source = "registry+https://github.com/rust-lang/crates.io-index"
checksum = "07eaeb7689bb7fca7ce15628319635758eda769fed481ecfe6686ddef2600616"

[[package]]
name = "traitobject"
version = "0.0.3"
source = "registry+https://github.com/rust-lang/crates.io-index"
checksum = "9dc23794ff47c95882da6f9d15de9a6be14987760a28cc0aafb40b7675ef09d8"

[[package]]
name = "typeable"
version = "0.1.2"
source = "registry+https://github.com/rust-lang/crates.io-index"
checksum = "1410f6f91f21d1612654e7cc69193b0334f909dcf2c790c4826254fbb86f8887"

[[package]]
name = "typemap"
version = "0.3.3"
source = "registry+https://github.com/rust-lang/crates.io-index"
checksum = "653be63c80a3296da5551e1bfd2cca35227e13cdd08c6668903ae2f4f77aa1f6"
dependencies = [
 "unsafe-any",
]

[[package]]
name = "unicase"
version = "1.4.0"
source = "registry+https://github.com/rust-lang/crates.io-index"
checksum = "13a5906ca2b98c799f4b1ab4557b76367ebd6ae5ef14930ec841c74aed5f3764"
dependencies = [
 "rustc_version",
]

[[package]]
name = "unicode-ident"
version = "1.0.1"
source = "registry+https://github.com/rust-lang/crates.io-index"
checksum = "5bd2fe26506023ed7b5e1e315add59d6f584c621d037f9368fea9cfb988f368c"

[[package]]
name = "unsafe-any"
version = "0.4.1"
source = "registry+https://github.com/rust-lang/crates.io-index"
checksum = "b351086021ebc264aea3ab4f94d61d889d98e5e9ec2d985d993f50133537fd3a"
dependencies = [
 "traitobject 0.0.3",
]

[[package]]
name = "url"
version = "0.2.38"
source = "registry+https://github.com/rust-lang/crates.io-index"
checksum = "cbaa8377a162d88e7d15db0cf110c8523453edcbc5bc66d2b6fffccffa34a068"
dependencies = [
 "matches",
 "rustc-serialize",
 "uuid",
]

[[package]]
name = "utf8-ranges"
version = "0.1.3"
source = "registry+https://github.com/rust-lang/crates.io-index"
checksum = "a1ca13c08c41c9c3e04224ed9ff80461d97e121589ff27c753a16cb10830ae0f"

[[package]]
name = "uuid"
version = "0.1.18"
source = "registry+https://github.com/rust-lang/crates.io-index"
checksum = "78c590b5bd79ed10aad8fb75f078a59d8db445af6c743e55c4a53227fc01c13f"
dependencies = [
 "rand",
 "rustc-serialize",
]

[[package]]
name = "winapi"
version = "0.2.6"
source = "registry+https://github.com/rust-lang/crates.io-index"
checksum = "4dfaaa8fbdaa618fa6914b59b2769d690dd7521920a18d84b42d254678dd5fd4"

[[package]]
name = "winapi-build"
version = "0.1.1"
source = "registry+https://github.com/rust-lang/crates.io-index"
checksum = "2d315eee3b34aca4797b2da6b13ed88266e6d612562a0c46390af8299fc699bc"
